
Microsoft Visual Studio Solution File, Format Version 12.00
# Visual Studio Version 17
VisualStudioVersion = 17.6.33815.320
MinimumVisualStudioVersion = 10.0.40219.1
Project("{2150E333-8FDC-42A3-9474-1A3956D46DE8}") = "Solution Items", "Solution Items", "{020EBC1B-3F71-4E60-A0BF-7787C934890F}"
	ProjectSection(SolutionItems) = preProject
		README.md = README.md
	EndProjectSection
EndProject
Project("{2150E333-8FDC-42A3-9474-1A3956D46DE8}") = "src", "src", "{3ABCE6C8-ADCA-44C0-959A-50603454B6C8}"
EndProject
Project("{9A19103F-16F7-4668-BE54-9A1E7A4F7556}") = "molecules.core", "src\molecules.core\molecules.core.csproj", "{391CE629-083B-4519-BCAF-57B7F92200CF}"
EndProject
Project("{2150E333-8FDC-42A3-9474-1A3956D46DE8}") = "test", "test", "{18B26998-F3C2-42E1-A723-23DDAE51DC0D}"
EndProject
Project("{9A19103F-16F7-4668-BE54-9A1E7A4F7556}") = "molecules.core", "test\molecules.core\molecules.core.csproj", "{38BE3652-A553-4366-AB4F-632589C25E70}"
EndProject
Global
	GlobalSection(SolutionConfigurationPlatforms) = preSolution
		Debug|Any CPU = Debug|Any CPU
		Release|Any CPU = Release|Any CPU
	EndGlobalSection
	GlobalSection(ProjectConfigurationPlatforms) = postSolution
		{391CE629-083B-4519-BCAF-57B7F92200CF}.Debug|Any CPU.ActiveCfg = Debug|Any CPU
		{391CE629-083B-4519-BCAF-57B7F92200CF}.Debug|Any CPU.Build.0 = Debug|Any CPU
		{391CE629-083B-4519-BCAF-57B7F92200CF}.Release|Any CPU.ActiveCfg = Release|Any CPU
		{391CE629-083B-4519-BCAF-57B7F92200CF}.Release|Any CPU.Build.0 = Release|Any CPU
		{38BE3652-A553-4366-AB4F-632589C25E70}.Debug|Any CPU.ActiveCfg = Debug|Any CPU
		{38BE3652-A553-4366-AB4F-632589C25E70}.Debug|Any CPU.Build.0 = Debug|Any CPU
		{38BE3652-A553-4366-AB4F-632589C25E70}.Release|Any CPU.ActiveCfg = Release|Any CPU
		{38BE3652-A553-4366-AB4F-632589C25E70}.Release|Any CPU.Build.0 = Release|Any CPU
	EndGlobalSection
	GlobalSection(SolutionProperties) = preSolution
		HideSolutionNode = FALSE
	EndGlobalSection
	GlobalSection(NestedProjects) = preSolution
		{391CE629-083B-4519-BCAF-57B7F92200CF} = {3ABCE6C8-ADCA-44C0-959A-50603454B6C8}
		{38BE3652-A553-4366-AB4F-632589C25E70} = {18B26998-F3C2-42E1-A723-23DDAE51DC0D}
	EndGlobalSection
	GlobalSection(ExtensibilityGlobals) = postSolution
		SolutionGuid = {EA41D430-BF99-4117-85E2-66522219BEFB}
	EndGlobalSection
EndGlobal
