
Microsoft Visual Studio Solution File, Format Version 12.00
# Visual Studio Version 17
VisualStudioVersion = 17.6.33815.320
MinimumVisualStudioVersion = 10.0.40219.1
Project("{2150E333-8FDC-42A3-9474-1A3956D46DE8}") = "Solution Items", "Solution Items", "{020EBC1B-3F71-4E60-A0BF-7787C934890F}"
	ProjectSection(SolutionItems) = preProject
		README.md = README.md
	EndProjectSection
EndProject
Project("{2150E333-8FDC-42A3-9474-1A3956D46DE8}") = "src", "src", "{3ABCE6C8-ADCA-44C0-959A-50603454B6C8}"
EndProject
Project("{9A19103F-16F7-4668-BE54-9A1E7A4F7556}") = "molecules.core", "src\molecules.core\molecules.core.csproj", "{391CE629-083B-4519-BCAF-57B7F92200CF}"
EndProject
Project("{2150E333-8FDC-42A3-9474-1A3956D46DE8}") = "test", "test", "{18B26998-F3C2-42E1-A723-23DDAE51DC0D}"
EndProject
Project("{9A19103F-16F7-4668-BE54-9A1E7A4F7556}") = "molecules.core.tests", "test\molecules.core.tests\molecules.core.tests.csproj", "{F46BA4D9-AEDB-4D89-BE05-A87A2CCFAEC6}"
EndProject
Project("{2150E333-8FDC-42A3-9474-1A3956D46DE8}") = "infrastructure", "infrastructure", "{75B0A7AC-BBAC-4634-9E2B-D9C60C97DD47}"
EndProject
Project("{9A19103F-16F7-4668-BE54-9A1E7A4F7556}") = "molecules.infrastructure.data", "src\infrastructure\molecules.infrastructure.data\molecules.infrastructure.data.csproj", "{CDEE8859-A653-4353-9CCA-089F8DC89DAF}"
EndProject
Project("{2150E333-8FDC-42A3-9474-1A3956D46DE8}") = "infrastructure", "infrastructure", "{105A53BF-41DF-4EBA-98D8-9ED479F4FAC6}"
EndProject
Project("{9A19103F-16F7-4668-BE54-9A1E7A4F7556}") = "molecules.infrastructure.data.tests", "test\infrastructure\molecules.infrastructure.data.tests\molecules.infrastructure.data.tests.csproj", "{8EFA9930-E764-413D-9253-4E49224B2AD7}"
EndProject
Project("{2150E333-8FDC-42A3-9474-1A3956D46DE8}") = "shared", "shared", "{B4F2FD3B-A375-4714-B9BF-458A91C9E99B}"
EndProject
Project("{9A19103F-16F7-4668-BE54-9A1E7A4F7556}") = "molecules.shared", "src\shared\molecules.shared\molecules.shared.csproj", "{BCA661E8-CA9F-4E3D-87EA-A90DA815CAF6}"
EndProject
Project("{9A19103F-16F7-4668-BE54-9A1E7A4F7556}") = "molecule.infrastructure.data.interfaces", "src\infrastructure\molecules.infrastructure.data.interfaces\molecule.infrastructure.data.interfaces\molecule.infrastructure.data.interfaces.csproj", "{6B0538E9-3A27-4CD8-B541-1E3B05A59B20}"
EndProject
Project("{9A19103F-16F7-4668-BE54-9A1E7A4F7556}") = "molecules.api", "src\molecules.api\molecules.api.csproj", "{F51AB152-B870-4E90-A38E-CAD6CFB3570D}"
EndProject
Project("{FAE04EC0-301F-11D3-BF4B-00C04F79EFBC}") = "MoleculesConsole", "src\MoleculesConsole\MoleculesConsole.csproj", "{665F4234-ABFB-4855-9016-B5BF37FB69DB}"
EndProject
Global
	GlobalSection(SolutionConfigurationPlatforms) = preSolution
		Debug|Any CPU = Debug|Any CPU
		Release|Any CPU = Release|Any CPU
	EndGlobalSection
	GlobalSection(ProjectConfigurationPlatforms) = postSolution
		{391CE629-083B-4519-BCAF-57B7F92200CF}.Debug|Any CPU.ActiveCfg = Debug|Any CPU
		{391CE629-083B-4519-BCAF-57B7F92200CF}.Debug|Any CPU.Build.0 = Debug|Any CPU
		{391CE629-083B-4519-BCAF-57B7F92200CF}.Release|Any CPU.ActiveCfg = Release|Any CPU
		{391CE629-083B-4519-BCAF-57B7F92200CF}.Release|Any CPU.Build.0 = Release|Any CPU
		{F46BA4D9-AEDB-4D89-BE05-A87A2CCFAEC6}.Debug|Any CPU.ActiveCfg = Debug|Any CPU
		{F46BA4D9-AEDB-4D89-BE05-A87A2CCFAEC6}.Debug|Any CPU.Build.0 = Debug|Any CPU
		{F46BA4D9-AEDB-4D89-BE05-A87A2CCFAEC6}.Release|Any CPU.ActiveCfg = Release|Any CPU
		{F46BA4D9-AEDB-4D89-BE05-A87A2CCFAEC6}.Release|Any CPU.Build.0 = Release|Any CPU
		{CDEE8859-A653-4353-9CCA-089F8DC89DAF}.Debug|Any CPU.ActiveCfg = Debug|Any CPU
		{CDEE8859-A653-4353-9CCA-089F8DC89DAF}.Debug|Any CPU.Build.0 = Debug|Any CPU
		{CDEE8859-A653-4353-9CCA-089F8DC89DAF}.Release|Any CPU.ActiveCfg = Release|Any CPU
		{CDEE8859-A653-4353-9CCA-089F8DC89DAF}.Release|Any CPU.Build.0 = Release|Any CPU
		{8EFA9930-E764-413D-9253-4E49224B2AD7}.Debug|Any CPU.ActiveCfg = Debug|Any CPU
		{8EFA9930-E764-413D-9253-4E49224B2AD7}.Debug|Any CPU.Build.0 = Debug|Any CPU
		{8EFA9930-E764-413D-9253-4E49224B2AD7}.Release|Any CPU.ActiveCfg = Release|Any CPU
		{8EFA9930-E764-413D-9253-4E49224B2AD7}.Release|Any CPU.Build.0 = Release|Any CPU
		{BCA661E8-CA9F-4E3D-87EA-A90DA815CAF6}.Debug|Any CPU.ActiveCfg = Debug|Any CPU
		{BCA661E8-CA9F-4E3D-87EA-A90DA815CAF6}.Debug|Any CPU.Build.0 = Debug|Any CPU
		{BCA661E8-CA9F-4E3D-87EA-A90DA815CAF6}.Release|Any CPU.ActiveCfg = Release|Any CPU
		{BCA661E8-CA9F-4E3D-87EA-A90DA815CAF6}.Release|Any CPU.Build.0 = Release|Any CPU
		{6B0538E9-3A27-4CD8-B541-1E3B05A59B20}.Debug|Any CPU.ActiveCfg = Debug|Any CPU
		{6B0538E9-3A27-4CD8-B541-1E3B05A59B20}.Debug|Any CPU.Build.0 = Debug|Any CPU
		{6B0538E9-3A27-4CD8-B541-1E3B05A59B20}.Release|Any CPU.ActiveCfg = Release|Any CPU
		{6B0538E9-3A27-4CD8-B541-1E3B05A59B20}.Release|Any CPU.Build.0 = Release|Any CPU
		{F51AB152-B870-4E90-A38E-CAD6CFB3570D}.Debug|Any CPU.ActiveCfg = Debug|Any CPU
		{F51AB152-B870-4E90-A38E-CAD6CFB3570D}.Debug|Any CPU.Build.0 = Debug|Any CPU
		{F51AB152-B870-4E90-A38E-CAD6CFB3570D}.Release|Any CPU.ActiveCfg = Release|Any CPU
		{F51AB152-B870-4E90-A38E-CAD6CFB3570D}.Release|Any CPU.Build.0 = Release|Any CPU
		{665F4234-ABFB-4855-9016-B5BF37FB69DB}.Debug|Any CPU.ActiveCfg = Debug|Any CPU
		{665F4234-ABFB-4855-9016-B5BF37FB69DB}.Debug|Any CPU.Build.0 = Debug|Any CPU
		{665F4234-ABFB-4855-9016-B5BF37FB69DB}.Release|Any CPU.ActiveCfg = Release|Any CPU
		{665F4234-ABFB-4855-9016-B5BF37FB69DB}.Release|Any CPU.Build.0 = Release|Any CPU
	EndGlobalSection
	GlobalSection(SolutionProperties) = preSolution
		HideSolutionNode = FALSE
	EndGlobalSection
	GlobalSection(NestedProjects) = preSolution
		{391CE629-083B-4519-BCAF-57B7F92200CF} = {3ABCE6C8-ADCA-44C0-959A-50603454B6C8}
		{F46BA4D9-AEDB-4D89-BE05-A87A2CCFAEC6} = {18B26998-F3C2-42E1-A723-23DDAE51DC0D}
		{75B0A7AC-BBAC-4634-9E2B-D9C60C97DD47} = {3ABCE6C8-ADCA-44C0-959A-50603454B6C8}
		{CDEE8859-A653-4353-9CCA-089F8DC89DAF} = {75B0A7AC-BBAC-4634-9E2B-D9C60C97DD47}
		{105A53BF-41DF-4EBA-98D8-9ED479F4FAC6} = {18B26998-F3C2-42E1-A723-23DDAE51DC0D}
		{8EFA9930-E764-413D-9253-4E49224B2AD7} = {105A53BF-41DF-4EBA-98D8-9ED479F4FAC6}
		{B4F2FD3B-A375-4714-B9BF-458A91C9E99B} = {3ABCE6C8-ADCA-44C0-959A-50603454B6C8}
		{BCA661E8-CA9F-4E3D-87EA-A90DA815CAF6} = {B4F2FD3B-A375-4714-B9BF-458A91C9E99B}
		{6B0538E9-3A27-4CD8-B541-1E3B05A59B20} = {75B0A7AC-BBAC-4634-9E2B-D9C60C97DD47}
		{F51AB152-B870-4E90-A38E-CAD6CFB3570D} = {3ABCE6C8-ADCA-44C0-959A-50603454B6C8}
		{665F4234-ABFB-4855-9016-B5BF37FB69DB} = {3ABCE6C8-ADCA-44C0-959A-50603454B6C8}
	EndGlobalSection
	GlobalSection(ExtensibilityGlobals) = postSolution
		SolutionGuid = {EA41D430-BF99-4117-85E2-66522219BEFB}
	EndGlobalSection
EndGlobal
